
Microsoft Visual Studio Solution File, Format Version 12.00
# Visual Studio Version 17
VisualStudioVersion = 17.13.35931.197 d17.13
MinimumVisualStudioVersion = 10.0.40219.1
Project("{FAE04EC0-301F-11D3-BF4B-00C04F79EFBC}") = "NKeyLoggerClient", "NKeyLoggerClient\NKeyLoggerClient.csproj", "{8C2BE005-C54F-4F93-9769-EE1B9FCC0C73}"
EndProject
Project("{FAE04EC0-301F-11D3-BF4B-00C04F79EFBC}") = "NKeyLoggerLib", "NKeyLoggerLib\NKeyLoggerLib.csproj", "{7A427409-7106-437E-9B90-E926C9C9364E}"
EndProject
Project("{FAE04EC0-301F-11D3-BF4B-00C04F79EFBC}") = "NKeyLoggerServer", "NKeyLoggerServer\NKeyLoggerServer.csproj", "{26C695E0-AE88-4454-B356-B1C2B27F57A9}"
EndProject
Global
	GlobalSection(SolutionConfigurationPlatforms) = preSolution
		Debug|Any CPU = Debug|Any CPU
		Release|Any CPU = Release|Any CPU
	EndGlobalSection
	GlobalSection(ProjectConfigurationPlatforms) = postSolution
		{8C2BE005-C54F-4F93-9769-EE1B9FCC0C73}.Debug|Any CPU.ActiveCfg = Debug|Any CPU
		{8C2BE005-C54F-4F93-9769-EE1B9FCC0C73}.Debug|Any CPU.Build.0 = Debug|Any CPU
		{8C2BE005-C54F-4F93-9769-EE1B9FCC0C73}.Release|Any CPU.ActiveCfg = Release|Any CPU
		{8C2BE005-C54F-4F93-9769-EE1B9FCC0C73}.Release|Any CPU.Build.0 = Release|Any CPU
		{7A427409-7106-437E-9B90-E926C9C9364E}.Debug|Any CPU.ActiveCfg = Debug|Any CPU
		{7A427409-7106-437E-9B90-E926C9C9364E}.Debug|Any CPU.Build.0 = Debug|Any CPU
		{7A427409-7106-437E-9B90-E926C9C9364E}.Release|Any CPU.ActiveCfg = Release|Any CPU
		{7A427409-7106-437E-9B90-E926C9C9364E}.Release|Any CPU.Build.0 = Release|Any CPU
		{26C695E0-AE88-4454-B356-B1C2B27F57A9}.Debug|Any CPU.ActiveCfg = Debug|Any CPU
		{26C695E0-AE88-4454-B356-B1C2B27F57A9}.Debug|Any CPU.Build.0 = Debug|Any CPU
		{26C695E0-AE88-4454-B356-B1C2B27F57A9}.Release|Any CPU.ActiveCfg = Release|Any CPU
		{26C695E0-AE88-4454-B356-B1C2B27F57A9}.Release|Any CPU.Build.0 = Release|Any CPU
	EndGlobalSection
	GlobalSection(SolutionProperties) = preSolution
		HideSolutionNode = FALSE
	EndGlobalSection
	GlobalSection(ExtensibilityGlobals) = postSolution
		SolutionGuid = {F0B134F6-BC51-4A88-9AF4-422B391BA01F}
	EndGlobalSection
EndGlobal
